<?xml version="1.0" encoding="UTF-8"?>
<Scheme LastUpgradeVersion="2660" version="1.7">
  <BuildAction parallelizeBuildables="YES" buildImplicitDependencies="YES"><BuildActionEntries>
    <BuildActionEntry buildForTesting="YES" buildForRunning="YES" buildForProfiling="YES" buildForArchiving="YES" buildForAnalyzing="YES"><BuildableReference BuildableIdentifier="primary" BlueprintIdentifier="B639952F304CF27100D12DDA" BuildableName="TararebaToushi.app" BlueprintName="TararebaToushi" ReferencedContainer="container:TararebaToushi.xcodeproj"/></BuildActionEntry>
  </BuildActionEntries></BuildAction>
  <TestAction buildConfiguration="Debug" selectedDebuggerIdentifier="Xcode.DebuggerFoundation.Debugger.LLDB" selectedLauncherIdentifier="Xcode.IDEFoundation.Launcher.LLDB" shouldUseLaunchSchemeArgsEnv="YES"><Testables><TestableReference skipped="NO" parallelizable="NO"><BuildableReference BuildableIdentifier="primary" BlueprintIdentifier="DA7A00000000000000000064" BuildableName="TararebaToushiTests.xctest" BlueprintName="TararebaToushiTests" ReferencedContainer="container:TararebaToushi.xcodeproj"/></TestableReference><TestableReference skipped="NO" parallelizable="NO"><BuildableReference BuildableIdentifier="primary" BlueprintIdentifier="DA7A000000000000000000C8" BuildableName="TararebaToushiUITests.xctest" BlueprintName="TararebaToushiUITests" ReferencedContainer="container:TararebaToushi.xcodeproj"/></TestableReference></Testables></TestAction>
  <LaunchAction buildConfiguration="Debug" selectedDebuggerIdentifier="Xcode.DebuggerFoundation.Debugger.LLDB" selectedLauncherIdentifier="Xcode.IDEFoundation.Launcher.LLDB" launchStyle="0" useCustomWorkingDirectory="NO" ignoresPersistentStateOnLaunch="NO" debugDocumentVersioning="YES" debugServiceExtension="internal" allowLocationSimulation="YES"><BuildableProductRunnable runnableDebuggingMode="0"><BuildableReference BuildableIdentifier="primary" BlueprintIdentifier="B639952F304CF27100D12DDA" BuildableName="TararebaToushi.app" BlueprintName="TararebaToushi" ReferencedContainer="container:TararebaToushi.xcodeproj"/></BuildableProductRunnable></LaunchAction>
  <ProfileAction buildConfiguration="Release" shouldUseLaunchSchemeArgsEnv="YES" savedToolIdentifier="" useCustomWorkingDirectory="NO" debugDocumentVersioning="YES"><BuildableProductRunnable runnableDebuggingMode="0"><BuildableReference BuildableIdentifier="primary" BlueprintIdentifier="B639952F304CF27100D12DDA" BuildableName="TararebaToushi.app" BlueprintName="TararebaToushi" ReferencedContainer="container:TararebaToushi.xcodeproj"/></BuildableProductRunnable></ProfileAction>
  <AnalyzeAction buildConfiguration="Debug"/>
  <ArchiveAction buildConfiguration="Release" revealArchiveInOrganizer="YES"/>
</Scheme>
